
Microsoft Visual Studio Solution File, Format Version 12.00
# Visual Studio Version 17
VisualStudioVersion = 17.4.33110.190
MinimumVisualStudioVersion = 10.0.40219.1
Project("{FAE04EC0-301F-11D3-BF4B-00C04F79EFBC}") = "Spedizioni", "Spedizioni\Spedizioni.csproj", "{1DCB5694-9E5B-47E5-9F9C-DB57D17F9DE7}"
EndProject
Global
	GlobalSection(SolutionConfigurationPlatforms) = preSolution
		Debug|Any CPU = Debug|Any CPU
		Release|Any CPU = Release|Any CPU
	EndGlobalSection
	GlobalSection(ProjectConfigurationPlatforms) = postSolution
		{1DCB5694-9E5B-47E5-9F9C-DB57D17F9DE7}.Debug|Any CPU.ActiveCfg = Debug|Any CPU
		{1DCB5694-9E5B-47E5-9F9C-DB57D17F9DE7}.Debug|Any CPU.Build.0 = Debug|Any CPU
		{1DCB5694-9E5B-47E5-9F9C-DB57D17F9DE7}.Release|Any CPU.ActiveCfg = Release|Any CPU
		{1DCB5694-9E5B-47E5-9F9C-DB57D17F9DE7}.Release|Any CPU.Build.0 = Release|Any CPU
	EndGlobalSection
	GlobalSection(SolutionProperties) = preSolution
		HideSolutionNode = FALSE
	EndGlobalSection
	GlobalSection(ExtensibilityGlobals) = postSolution
		SolutionGuid = {8C344DC1-428A-4028-B5C7-45007A8E4DD4}
	EndGlobalSection
EndGlobal
